
Microsoft Visual Studio Solution File, Format Version 12.00
# Visual Studio Version 17
VisualStudioVersion = 17.9.34616.47
MinimumVisualStudioVersion = 10.0.40219.1
Project("{8BC9CEB8-8B4A-11D0-8D11-00A0C91BC942}") = "ConsoleApplication1", "ConsoleApplication1\ConsoleApplication1.vcxproj", "{90C78103-6899-42EE-8692-53E65D575D55}"
EndProject
Global
	GlobalSection(SolutionConfigurationPlatforms) = preSolution
		Debug|x64 = Debug|x64
		Debug|x86 = Debug|x86
		Release|x64 = Release|x64
		Release|x86 = Release|x86
	EndGlobalSection
	GlobalSection(ProjectConfigurationPlatforms) = postSolution
		{90C78103-6899-42EE-8692-53E65D575D55}.Debug|x64.ActiveCfg = Debug|x64
		{90C78103-6899-42EE-8692-53E65D575D55}.Debug|x64.Build.0 = Debug|x64
		{90C78103-6899-42EE-8692-53E65D575D55}.Debug|x86.ActiveCfg = Debug|Win32
		{90C78103-6899-42EE-8692-53E65D575D55}.Debug|x86.Build.0 = Debug|Win32
		{90C78103-6899-42EE-8692-53E65D575D55}.Release|x64.ActiveCfg = Release|x64
		{90C78103-6899-42EE-8692-53E65D575D55}.Release|x64.Build.0 = Release|x64
		{90C78103-6899-42EE-8692-53E65D575D55}.Release|x86.ActiveCfg = Release|Win32
		{90C78103-6899-42EE-8692-53E65D575D55}.Release|x86.Build.0 = Release|Win32
	EndGlobalSection
	GlobalSection(SolutionProperties) = preSolution
		HideSolutionNode = FALSE
	EndGlobalSection
	GlobalSection(ExtensibilityGlobals) = postSolution
		SolutionGuid = {2CE6F2CE-8F5F-4596-AC1A-2BB0791FF31D}
	EndGlobalSection
EndGlobal
